
Microsoft Visual Studio Solution File, Format Version 12.00
# Visual Studio Version 17
VisualStudioVersion = 17.11.35327.3
MinimumVisualStudioVersion = 10.0.40219.1
Project("{FAE04EC0-301F-11D3-BF4B-00C04F79EFBC}") = "PonyClub", "PonyClub.csproj", "{4D201ED1-C72B-40B4-B2D5-FDB5D32AE6A3}"
EndProject
Project("{FAE04EC0-301F-11D3-BF4B-00C04F79EFBC}") = "PonyClub.Test", "..\PonyClub.Test\PonyClub.Test.csproj", "{A6E46412-E913-418B-A755-23827FEBA9E0}"
EndProject
Global
	GlobalSection(SolutionConfigurationPlatforms) = preSolution
		Debug|Any CPU = Debug|Any CPU
		Release|Any CPU = Release|Any CPU
	EndGlobalSection
	GlobalSection(ProjectConfigurationPlatforms) = postSolution
		{4D201ED1-C72B-40B4-B2D5-FDB5D32AE6A3}.Debug|Any CPU.ActiveCfg = Debug|Any CPU
		{4D201ED1-C72B-40B4-B2D5-FDB5D32AE6A3}.Debug|Any CPU.Build.0 = Debug|Any CPU
		{4D201ED1-C72B-40B4-B2D5-FDB5D32AE6A3}.Release|Any CPU.ActiveCfg = Release|Any CPU
		{4D201ED1-C72B-40B4-B2D5-FDB5D32AE6A3}.Release|Any CPU.Build.0 = Release|Any CPU
		{A6E46412-E913-418B-A755-23827FEBA9E0}.Debug|Any CPU.ActiveCfg = Debug|Any CPU
		{A6E46412-E913-418B-A755-23827FEBA9E0}.Debug|Any CPU.Build.0 = Debug|Any CPU
		{A6E46412-E913-418B-A755-23827FEBA9E0}.Release|Any CPU.ActiveCfg = Release|Any CPU
		{A6E46412-E913-418B-A755-23827FEBA9E0}.Release|Any CPU.Build.0 = Release|Any CPU
	EndGlobalSection
	GlobalSection(SolutionProperties) = preSolution
		HideSolutionNode = FALSE
	EndGlobalSection
	GlobalSection(ExtensibilityGlobals) = postSolution
		SolutionGuid = {8DA885E2-5345-443A-B8EE-D3F23EC3FC70}
	EndGlobalSection
EndGlobal
